
Microsoft Visual Studio Solution File, Format Version 12.00
# Visual Studio 15
VisualStudioVersion = 15.0.27428.2002
MinimumVisualStudioVersion = 10.0.40219.1
Project("{FAE04EC0-301F-11D3-BF4B-00C04F79EFBC}") = "MvcMusicStore", "MvcMusicStore\MvcMusicStore.csproj", "{4BDCC028-6541-4909-93F4-AAC459114A47}"
EndProject
Project("{FAE04EC0-301F-11D3-BF4B-00C04F79EFBC}") = "MvcMusicStore.Tests", "MvcMusicStore.Tests\MvcMusicStore.Tests.csproj", "{E7D38945-B50D-46A3-89AB-5F586273E9A7}"
EndProject
Global
	GlobalSection(SolutionConfigurationPlatforms) = preSolution
		Debug|Any CPU = Debug|Any CPU
		Release|Any CPU = Release|Any CPU
	EndGlobalSection
	GlobalSection(ProjectConfigurationPlatforms) = postSolution
		{4BDCC028-6541-4909-93F4-AAC459114A47}.Debug|Any CPU.ActiveCfg = Debug|Any CPU
		{4BDCC028-6541-4909-93F4-AAC459114A47}.Debug|Any CPU.Build.0 = Debug|Any CPU
		{4BDCC028-6541-4909-93F4-AAC459114A47}.Release|Any CPU.ActiveCfg = Release|Any CPU
		{4BDCC028-6541-4909-93F4-AAC459114A47}.Release|Any CPU.Build.0 = Release|Any CPU
		{E7D38945-B50D-46A3-89AB-5F586273E9A7}.Debug|Any CPU.ActiveCfg = Debug|Any CPU
		{E7D38945-B50D-46A3-89AB-5F586273E9A7}.Debug|Any CPU.Build.0 = Debug|Any CPU
		{E7D38945-B50D-46A3-89AB-5F586273E9A7}.Release|Any CPU.ActiveCfg = Release|Any CPU
		{E7D38945-B50D-46A3-89AB-5F586273E9A7}.Release|Any CPU.Build.0 = Release|Any CPU
	EndGlobalSection
	GlobalSection(SolutionProperties) = preSolution
		HideSolutionNode = FALSE
	EndGlobalSection
	GlobalSection(ExtensibilityGlobals) = postSolution
		SolutionGuid = {6F6CF4D5-B885-4E55-8841-DBC255DAFA5B}
	EndGlobalSection
EndGlobal
